
Microsoft Visual Studio Solution File, Format Version 12.00
# Visual Studio Version 16
VisualStudioVersion = 16.0.31112.23
MinimumVisualStudioVersion = 10.0.40219.1
Project("{FAE04EC0-301F-11D3-BF4B-00C04F79EFBC}") = "TicTacToe", "TicTacToe\TicTacToe.csproj", "{F16DAD35-65C5-401D-B733-376DC3CE96CE}"
EndProject
Global
	GlobalSection(SolutionConfigurationPlatforms) = preSolution
		Debug|Any CPU = Debug|Any CPU
		Release|Any CPU = Release|Any CPU
	EndGlobalSection
	GlobalSection(ProjectConfigurationPlatforms) = postSolution
		{F16DAD35-65C5-401D-B733-376DC3CE96CE}.Debug|Any CPU.ActiveCfg = Debug|Any CPU
		{F16DAD35-65C5-401D-B733-376DC3CE96CE}.Debug|Any CPU.Build.0 = Debug|Any CPU
		{F16DAD35-65C5-401D-B733-376DC3CE96CE}.Release|Any CPU.ActiveCfg = Release|Any CPU
		{F16DAD35-65C5-401D-B733-376DC3CE96CE}.Release|Any CPU.Build.0 = Release|Any CPU
	EndGlobalSection
	GlobalSection(SolutionProperties) = preSolution
		HideSolutionNode = FALSE
	EndGlobalSection
	GlobalSection(ExtensibilityGlobals) = postSolution
		SolutionGuid = {8DE7B73C-6E02-4279-A477-32377DA3D31E}
	EndGlobalSection
EndGlobal
