
Microsoft Visual Studio Solution File, Format Version 12.00
# Visual Studio Version 16
VisualStudioVersion = 16.0.31112.23
MinimumVisualStudioVersion = 10.0.40219.1
Project("{FAE04EC0-301F-11D3-BF4B-00C04F79EFBC}") = "TicTacToe", "TicTacToe\TicTacToe.csproj", "{370FE442-073E-4AE8-B356-60001CCF549B}"
EndProject
Global
	GlobalSection(SolutionConfigurationPlatforms) = preSolution
		Debug|Any CPU = Debug|Any CPU
		Release|Any CPU = Release|Any CPU
	EndGlobalSection
	GlobalSection(ProjectConfigurationPlatforms) = postSolution
		{370FE442-073E-4AE8-B356-60001CCF549B}.Debug|Any CPU.ActiveCfg = Debug|Any CPU
		{370FE442-073E-4AE8-B356-60001CCF549B}.Debug|Any CPU.Build.0 = Debug|Any CPU
		{370FE442-073E-4AE8-B356-60001CCF549B}.Release|Any CPU.ActiveCfg = Release|Any CPU
		{370FE442-073E-4AE8-B356-60001CCF549B}.Release|Any CPU.Build.0 = Release|Any CPU
	EndGlobalSection
	GlobalSection(SolutionProperties) = preSolution
		HideSolutionNode = FALSE
	EndGlobalSection
	GlobalSection(ExtensibilityGlobals) = postSolution
		SolutionGuid = {D6D4AFE1-F6CB-4D0A-9D2A-25AFE92932E9}
	EndGlobalSection
EndGlobal
