
Microsoft Visual Studio Solution File, Format Version 12.00
# Visual Studio Version 16
VisualStudioVersion = 16.0.31112.23
MinimumVisualStudioVersion = 10.0.40219.1
Project("{FAE04EC0-301F-11D3-BF4B-00C04F79EFBC}") = "TicTacToe_IV_TI_G21", "TicTacToe_IV_TI_G21\TicTacToe_IV_TI_G21.csproj", "{DB6162D1-9227-4D4D-B528-B631A361D53F}"
EndProject
Global
	GlobalSection(SolutionConfigurationPlatforms) = preSolution
		Debug|Any CPU = Debug|Any CPU
		Release|Any CPU = Release|Any CPU
	EndGlobalSection
	GlobalSection(ProjectConfigurationPlatforms) = postSolution
		{DB6162D1-9227-4D4D-B528-B631A361D53F}.Debug|Any CPU.ActiveCfg = Debug|Any CPU
		{DB6162D1-9227-4D4D-B528-B631A361D53F}.Debug|Any CPU.Build.0 = Debug|Any CPU
		{DB6162D1-9227-4D4D-B528-B631A361D53F}.Release|Any CPU.ActiveCfg = Release|Any CPU
		{DB6162D1-9227-4D4D-B528-B631A361D53F}.Release|Any CPU.Build.0 = Release|Any CPU
	EndGlobalSection
	GlobalSection(SolutionProperties) = preSolution
		HideSolutionNode = FALSE
	EndGlobalSection
	GlobalSection(ExtensibilityGlobals) = postSolution
		SolutionGuid = {020E756A-98FD-46CF-AC7F-24C75EBA0039}
	EndGlobalSection
EndGlobal
