
Microsoft Visual Studio Solution File, Format Version 12.00
# Visual Studio 15
VisualStudioVersion = 15.0.28307.1082
MinimumVisualStudioVersion = 10.0.40219.1
Project("{FAE04EC0-301F-11D3-BF4B-00C04F79EFBC}") = "IV_TI_G21_2021_2022_Lottoziehung", "IV_TI_G21_2021_2022_Lottoziehung\IV_TI_G21_2021_2022_Lottoziehung.csproj", "{AF71933B-6C53-4353-A438-A95FC2F38571}"
EndProject
Global
	GlobalSection(SolutionConfigurationPlatforms) = preSolution
		Debug|Any CPU = Debug|Any CPU
		Release|Any CPU = Release|Any CPU
	EndGlobalSection
	GlobalSection(ProjectConfigurationPlatforms) = postSolution
		{AF71933B-6C53-4353-A438-A95FC2F38571}.Debug|Any CPU.ActiveCfg = Debug|Any CPU
		{AF71933B-6C53-4353-A438-A95FC2F38571}.Debug|Any CPU.Build.0 = Debug|Any CPU
		{AF71933B-6C53-4353-A438-A95FC2F38571}.Release|Any CPU.ActiveCfg = Release|Any CPU
		{AF71933B-6C53-4353-A438-A95FC2F38571}.Release|Any CPU.Build.0 = Release|Any CPU
	EndGlobalSection
	GlobalSection(SolutionProperties) = preSolution
		HideSolutionNode = FALSE
	EndGlobalSection
	GlobalSection(ExtensibilityGlobals) = postSolution
		SolutionGuid = {FD75A283-51D8-423D-A508-57C787925995}
	EndGlobalSection
EndGlobal
